
Microsoft Visual Studio Solution File, Format Version 12.00
# Visual Studio Version 16
VisualStudioVersion = 16.0.31702.278
MinimumVisualStudioVersion = 10.0.40219.1
Project("{8BC9CEB8-8B4A-11D0-8D11-00A0C91BC942}") = "Exceptions15.11", "Exceptions15.11\Exceptions15.11.vcxproj", "{3C968A40-6787-4884-8519-05F0FDF0FDDC}"
EndProject
Global
	GlobalSection(SolutionConfigurationPlatforms) = preSolution
		Debug|x64 = Debug|x64
		Debug|x86 = Debug|x86
		Release|x64 = Release|x64
		Release|x86 = Release|x86
	EndGlobalSection
	GlobalSection(ProjectConfigurationPlatforms) = postSolution
		{3C968A40-6787-4884-8519-05F0FDF0FDDC}.Debug|x64.ActiveCfg = Debug|x64
		{3C968A40-6787-4884-8519-05F0FDF0FDDC}.Debug|x64.Build.0 = Debug|x64
		{3C968A40-6787-4884-8519-05F0FDF0FDDC}.Debug|x86.ActiveCfg = Debug|Win32
		{3C968A40-6787-4884-8519-05F0FDF0FDDC}.Debug|x86.Build.0 = Debug|Win32
		{3C968A40-6787-4884-8519-05F0FDF0FDDC}.Release|x64.ActiveCfg = Release|x64
		{3C968A40-6787-4884-8519-05F0FDF0FDDC}.Release|x64.Build.0 = Release|x64
		{3C968A40-6787-4884-8519-05F0FDF0FDDC}.Release|x86.ActiveCfg = Release|Win32
		{3C968A40-6787-4884-8519-05F0FDF0FDDC}.Release|x86.Build.0 = Release|Win32
	EndGlobalSection
	GlobalSection(SolutionProperties) = preSolution
		HideSolutionNode = FALSE
	EndGlobalSection
	GlobalSection(ExtensibilityGlobals) = postSolution
		SolutionGuid = {7AF396F6-A55A-4F27-816E-59927E5EF9CB}
	EndGlobalSection
EndGlobal
